{
  "version": 4,
  "terraform_version": "1.4.2",
  "serial": 10,
  "lineage": "5613c85b-bdaa-2730-5793-fceccc6e9fc7",
  "outputs": {},
  "resources": [
    {
      "mode": "managed",
      "type": "azurerm_resource_group",
      "name": "rg-backplane",
      "provider": "provider[\"registry.terraform.io/hashicorp/azurerm\"]",
      "instances": [
        {
          "schema_version": 0,
          "attributes": {
            "id": "/subscriptions/2b8a807d-6d30-4802-bf80-3d669513f4ba/resourceGroups/p0002-rg-dev",
            "location": "westus3",
            "name": "p0002-rg-dev",
            "tags": {},
            "timeouts": null
          },
          "sensitive_attributes": [],
          "private": "eyJlMmJmYjczMC1lY2FhLTExZTYtOGY4OC0zNDM2M2JjN2M0YzAiOnsiY3JlYXRlIjo1NDAwMDAwMDAwMDAwLCJkZWxldGUiOjU0MDAwMDAwMDAwMDAsInJlYWQiOjMwMDAwMDAwMDAwMCwidXBkYXRlIjo1NDAwMDAwMDAwMDAwfX0="
        }
      ]
    },
    {
      "mode": "managed",
      "type": "azurerm_virtual_desktop_application_group",
      "name": "app-group",
      "provider": "provider[\"registry.terraform.io/hashicorp/azurerm\"]",
      "instances": [
        {
          "schema_version": 1,
          "attributes": {
            "default_desktop_display_name": "",
            "description": "AVD Full Desktop",
            "friendly_name": "AVD Full Desktop",
            "host_pool_id": "/subscriptions/2b8a807d-6d30-4802-bf80-3d669513f4ba/resourceGroups/p0002-rg-dev/providers/Microsoft.DesktopVirtualization/hostPools/p0002-hostpool-dev",
            "id": "/subscriptions/2b8a807d-6d30-4802-bf80-3d669513f4ba/resourceGroups/p0002-rg-dev/providers/Microsoft.DesktopVirtualization/applicationGroups/p0002-hostpooldag-dev",
            "location": "westus3",
            "name": "p0002-hostpooldag-dev",
            "resource_group_name": "p0002-rg-dev",
            "tags": {
              "Costcenter": "IT",
              "Location": "We",
              "Purpose": "AVD Workspace"
            },
            "timeouts": null,
            "type": "Desktop"
          },
          "sensitive_attributes": [],
          "private": "eyJlMmJmYjczMC1lY2FhLTExZTYtOGY4OC0zNDM2M2JjN2M0YzAiOnsiY3JlYXRlIjozNjAwMDAwMDAwMDAwLCJkZWxldGUiOjM2MDAwMDAwMDAwMDAsInJlYWQiOjMwMDAwMDAwMDAwMCwidXBkYXRlIjozNjAwMDAwMDAwMDAwfSwic2NoZW1hX3ZlcnNpb24iOiIxIn0=",
          "dependencies": [
            "azurerm_resource_group.rg-backplane",
            "azurerm_virtual_desktop_host_pool.host-pool"
          ]
        }
      ]
    },
    {
      "mode": "managed",
      "type": "azurerm_virtual_desktop_host_pool",
      "name": "host-pool",
      "provider": "provider[\"registry.terraform.io/hashicorp/azurerm\"]",
      "instances": [
        {
          "schema_version": 1,
          "attributes": {
            "custom_rdp_properties": "",
            "description": "",
            "friendly_name": "AVD HostPool",
            "id": "/subscriptions/2b8a807d-6d30-4802-bf80-3d669513f4ba/resourceGroups/p0002-rg-dev/providers/Microsoft.DesktopVirtualization/hostPools/p0002-hostpool-dev",
            "load_balancer_type": "BreadthFirst",
            "location": "westus3",
            "maximum_sessions_allowed": 10,
            "name": "p0002-hostpool-dev",
            "personal_desktop_assignment_type": "",
            "preferred_app_group_type": "Desktop",
            "resource_group_name": "p0002-rg-dev",
            "scheduled_agent_updates": [],
            "start_vm_on_connect": true,
            "tags": {
              "Costcenter": "IT",
              "Location": "We",
              "Purpose": "AVD Workspace"
            },
            "timeouts": null,
            "type": "Pooled",
            "validate_environment": true
          },
          "sensitive_attributes": [],
          "private": "eyJlMmJmYjczMC1lY2FhLTExZTYtOGY4OC0zNDM2M2JjN2M0YzAiOnsiY3JlYXRlIjozNjAwMDAwMDAwMDAwLCJkZWxldGUiOjM2MDAwMDAwMDAwMDAsInJlYWQiOjMwMDAwMDAwMDAwMCwidXBkYXRlIjozNjAwMDAwMDAwMDAwfSwic2NoZW1hX3ZlcnNpb24iOiIxIn0=",
          "dependencies": [
            "azurerm_resource_group.rg-backplane"
          ]
        }
      ]
    },
    {
      "mode": "managed",
      "type": "azurerm_virtual_desktop_workspace",
      "name": "workspace",
      "provider": "provider[\"registry.terraform.io/hashicorp/azurerm\"]",
      "instances": [
        {
          "schema_version": 1,
          "attributes": {
            "description": "This is a virtual desktop",
            "friendly_name": "AVD dev",
            "id": "/subscriptions/2b8a807d-6d30-4802-bf80-3d669513f4ba/resourceGroups/p0002-rg-dev/providers/Microsoft.DesktopVirtualization/workspaces/p0002-worspace-dev",
            "location": "westus3",
            "name": "p0002-worspace-dev",
            "resource_group_name": "p0002-rg-dev",
            "tags": {
              "Costcenter": "IT",
              "Location": "We",
              "Purpose": "AVD Workspace"
            },
            "timeouts": null
          },
          "sensitive_attributes": [],
          "private": "eyJlMmJmYjczMC1lY2FhLTExZTYtOGY4OC0zNDM2M2JjN2M0YzAiOnsiY3JlYXRlIjozNjAwMDAwMDAwMDAwLCJkZWxldGUiOjM2MDAwMDAwMDAwMDAsInJlYWQiOjMwMDAwMDAwMDAwMCwidXBkYXRlIjozNjAwMDAwMDAwMDAwfSwic2NoZW1hX3ZlcnNpb24iOiIxIn0=",
          "dependencies": [
            "azurerm_resource_group.rg-backplane"
          ]
        }
      ]
    },
    {
      "mode": "managed",
      "type": "azurerm_virtual_desktop_workspace_application_group_association",
      "name": "app-group-ass",
      "provider": "provider[\"registry.terraform.io/hashicorp/azurerm\"]",
      "instances": [
        {
          "schema_version": 1,
          "attributes": {
            "application_group_id": "/subscriptions/2b8a807d-6d30-4802-bf80-3d669513f4ba/resourceGroups/p0002-rg-dev/providers/Microsoft.DesktopVirtualization/applicationGroups/p0002-hostpooldag-dev",
            "id": "/subscriptions/2b8a807d-6d30-4802-bf80-3d669513f4ba/resourceGroups/p0002-rg-dev/providers/Microsoft.DesktopVirtualization/workspaces/p0002-worspace-dev|/subscriptions/2b8a807d-6d30-4802-bf80-3d669513f4ba/resourceGroups/p0002-rg-dev/providers/Microsoft.DesktopVirtualization/applicationGroups/p0002-hostpooldag-dev",
            "timeouts": null,
            "workspace_id": "/subscriptions/2b8a807d-6d30-4802-bf80-3d669513f4ba/resourceGroups/p0002-rg-dev/providers/Microsoft.DesktopVirtualization/workspaces/p0002-worspace-dev"
          },
          "sensitive_attributes": [],
          "private": "eyJlMmJmYjczMC1lY2FhLTExZTYtOGY4OC0zNDM2M2JjN2M0YzAiOnsiY3JlYXRlIjozNjAwMDAwMDAwMDAwLCJkZWxldGUiOjM2MDAwMDAwMDAwMDAsInJlYWQiOjMwMDAwMDAwMDAwMCwidXBkYXRlIjozNjAwMDAwMDAwMDAwfSwic2NoZW1hX3ZlcnNpb24iOiIxIn0=",
          "dependencies": [
            "azurerm_resource_group.rg-backplane",
            "azurerm_virtual_desktop_application_group.app-group",
            "azurerm_virtual_desktop_host_pool.host-pool",
            "azurerm_virtual_desktop_workspace.workspace"
          ]
        }
      ]
    }
  ],
  "check_results": null
}
