{
  "version": 4,
  "terraform_version": "1.4.2",
  "serial": 13,
  "lineage": "5613c85b-bdaa-2730-5793-fceccc6e9fc7",
  "outputs": {},
  "resources": [
    {
      "mode": "managed",
      "type": "azurerm_resource_group",
      "name": "rg-backplane",
      "provider": "provider[\"registry.terraform.io/hashicorp/azurerm\"]",
      "instances": [
        {
          "schema_version": 0,
          "attributes": {
            "id": "/subscriptions/2b8a807d-6d30-4802-bf80-3d669513f4ba/resourceGroups/p0002-rg-dev",
            "location": "westus3",
            "name": "p0002-rg-dev",
            "tags": {},
            "timeouts": null
          },
          "sensitive_attributes": [],
          "private": "eyJlMmJmYjczMC1lY2FhLTExZTYtOGY4OC0zNDM2M2JjN2M0YzAiOnsiY3JlYXRlIjo1NDAwMDAwMDAwMDAwLCJkZWxldGUiOjU0MDAwMDAwMDAwMDAsInJlYWQiOjMwMDAwMDAwMDAwMCwidXBkYXRlIjo1NDAwMDAwMDAwMDAwfX0="
        }
      ]
    },
    {
      "mode": "managed",
      "type": "azurerm_virtual_desktop_application_group",
      "name": "app-group",
      "provider": "provider[\"registry.terraform.io/hashicorp/azurerm\"]",
      "instances": [
        {
          "schema_version": 1,
          "attributes": {
            "default_desktop_display_name": "",
            "description": "AVD Full Desktop",
            "friendly_name": "AVD Full Desktop",
            "host_pool_id": "/subscriptions/2b8a807d-6d30-4802-bf80-3d669513f4ba/resourceGroups/p0002-rg-dev/providers/Microsoft.DesktopVirtualization/hostPools/p0002-hostpool-dev",
            "id": "/subscriptions/2b8a807d-6d30-4802-bf80-3d669513f4ba/resourceGroups/p0002-rg-dev/providers/Microsoft.DesktopVirtualization/applicationGroups/p0002-hostpooldag-dev",
            "location": "westus3",
            "name": "p0002-hostpooldag-dev",
            "resource_group_name": "p0002-rg-dev",
            "tags": {
              "Costcenter": "IT",
              "Location": "We",
              "Purpose": "AVD Workspace"
            },
            "timeouts": null,
            "type": "Desktop"
          },
          "sensitive_attributes": [],
          "private": "eyJlMmJmYjczMC1lY2FhLTExZTYtOGY4OC0zNDM2M2JjN2M0YzAiOnsiY3JlYXRlIjozNjAwMDAwMDAwMDAwLCJkZWxldGUiOjM2MDAwMDAwMDAwMDAsInJlYWQiOjMwMDAwMDAwMDAwMCwidXBkYXRlIjozNjAwMDAwMDAwMDAwfSwic2NoZW1hX3ZlcnNpb24iOiIxIn0=",
          "dependencies": [
            "azurerm_resource_group.rg-backplane",
            "azurerm_virtual_desktop_host_pool.host-pool"
          ]
        }
      ]
    },
    {
      "mode": "managed",
      "type": "azurerm_virtual_desktop_host_pool",
      "name": "host-pool",
      "provider": "provider[\"registry.terraform.io/hashicorp/azurerm\"]",
      "instances": [
        {
          "schema_version": 1,
          "attributes": {
            "custom_rdp_properties": "",
            "description": "",
            "friendly_name": "AVD HostPool",
            "id": "/subscriptions/2b8a807d-6d30-4802-bf80-3d669513f4ba/resourceGroups/p0002-rg-dev/providers/Microsoft.DesktopVirtualization/hostPools/p0002-hostpool-dev",
            "load_balancer_type": "BreadthFirst",
            "location": "westus3",
            "maximum_sessions_allowed": 10,
            "name": "p0002-hostpool-dev",
            "personal_desktop_assignment_type": "",
            "preferred_app_group_type": "Desktop",
            "resource_group_name": "p0002-rg-dev",
            "scheduled_agent_updates": [],
            "start_vm_on_connect": true,
            "tags": {
              "Costcenter": "IT",
              "Location": "We",
              "Purpose": "AVD Workspace"
            },
            "timeouts": null,
            "type": "Pooled",
            "validate_environment": true
          },
          "sensitive_attributes": [],
          "private": "eyJlMmJmYjczMC1lY2FhLTExZTYtOGY4OC0zNDM2M2JjN2M0YzAiOnsiY3JlYXRlIjozNjAwMDAwMDAwMDAwLCJkZWxldGUiOjM2MDAwMDAwMDAwMDAsInJlYWQiOjMwMDAwMDAwMDAwMCwidXBkYXRlIjozNjAwMDAwMDAwMDAwfSwic2NoZW1hX3ZlcnNpb24iOiIxIn0=",
          "dependencies": [
            "azurerm_resource_group.rg-backplane"
          ]
        }
      ]
    },
    {
      "mode": "managed",
      "type": "azurerm_virtual_desktop_host_pool_registration_info",
      "name": "reg_info",
      "provider": "provider[\"registry.terraform.io/hashicorp/azurerm\"]",
      "instances": [
        {
          "schema_version": 0,
          "attributes": {
            "expiration_date": "2023-03-30T12:43:13Z",
            "hostpool_id": "/subscriptions/2b8a807d-6d30-4802-bf80-3d669513f4ba/resourceGroups/p0002-rg-dev/providers/Microsoft.DesktopVirtualization/hostPools/p0002-hostpool-dev",
            "id": "/subscriptions/2b8a807d-6d30-4802-bf80-3d669513f4ba/resourceGroups/p0002-rg-dev/providers/Microsoft.DesktopVirtualization/hostPools/p0002-hostpool-dev/registrationInfo/default",
            "timeouts": null,
            "token": "eyJhbGciOiJSUzI1NiIsImtpZCI6IjZGRUVBOUNCM0ZERDQ1RTVCNkQyN0JGQzgwNzMxRTdFOUI1RDU4RDgiLCJ0eXAiOiJKV1QifQ.eyJSZWdpc3RyYXRpb25JZCI6IjU3NjllMzkxLWEwNGQtNDgwYy1hMjc2LWViOWZlNWJkNDM1ZSIsIkJyb2tlclVyaSI6Imh0dHBzOi8vcmRicm9rZXItZy11cy1yMC53dmQubWljcm9zb2Z0LmNvbS8iLCJEaWFnbm9zdGljc1VyaSI6Imh0dHBzOi8vcmRkaWFnbm9zdGljcy1nLXVzLXIwLnd2ZC5taWNyb3NvZnQuY29tLyIsIkVuZHBvaW50UG9vbElkIjoiNGY5ZTVhYzAtY2RkNS00MGM1LWFiZDAtOTc1ZjkxNzU5NTdiIiwiR2xvYmFsQnJva2VyVXJpIjoiaHR0cHM6Ly9yZGJyb2tlci53dmQubWljcm9zb2Z0LmNvbS8iLCJHZW9ncmFwaHkiOiJVUyIsIkdsb2JhbEJyb2tlclJlc291cmNlSWRVcmkiOiJodHRwczovLzRmOWU1YWMwLWNkZDUtNDBjNS1hYmQwLTk3NWY5MTc1OTU3Yi5yZGJyb2tlci53dmQubWljcm9zb2Z0LmNvbS8iLCJCcm9rZXJSZXNvdXJjZUlkVXJpIjoiaHR0cHM6Ly80ZjllNWFjMC1jZGQ1LTQwYzUtYWJkMC05NzVmOTE3NTk1N2IucmRicm9rZXItZy11cy1yMC53dmQubWljcm9zb2Z0LmNvbS8iLCJEaWFnbm9zdGljc1Jlc291cmNlSWRVcmkiOiJodHRwczovLzRmOWU1YWMwLWNkZDUtNDBjNS1hYmQwLTk3NWY5MTc1OTU3Yi5yZGRpYWdub3N0aWNzLWctdXMtcjAud3ZkLm1pY3Jvc29mdC5jb20vIiwiQUFEVGVuYW50SWQiOiIzNDI3NGYxZC0wZTY5LTQ3ZjYtODE0OC1kNTZiNTJhNzVjNDIiLCJuYmYiOjE2Nzk1MjQ1ODUsImV4cCI6MTY4MDE4MDE5MywiaXNzIjoiUkRJbmZyYVRva2VuTWFuYWdlciIsImF1ZCI6IlJEbWkifQ.io1tFX4I4lzsHfWr-Cx6OIVpFLjC-bsRmpxMfJ21XRmv6iHH4oDJjwhW2fBkfDc899v-fzXkZs0458UpR41k1EFjNf_aQCOoUnF_a-w_csPFI-BWJ5fZkea6_KvD6VZQo1YNnG6eQOC5zeLDP-RNEOO_mA0zYeV0Y8DGEoDs9dqJnrxX5QAeUeoe6pg5CnTctlqAktiF5jU8N_LF3Ms2EehBb4XBh4mlJEte9jjNv0dXGyKGWFAbJpohGWQgV2mnqST30il0BewDKQ3kxe0hhNIxRd85j0k-iVq-2TCqQihdw9PWDP9dO1AmzopG_LGRGawfGgmD0W6jsSS9AdvVkg"
          },
          "sensitive_attributes": [],
          "private": "eyJlMmJmYjczMC1lY2FhLTExZTYtOGY4OC0zNDM2M2JjN2M0YzAiOnsiY3JlYXRlIjoxODAwMDAwMDAwMDAwLCJkZWxldGUiOjE4MDAwMDAwMDAwMDAsInJlYWQiOjMwMDAwMDAwMDAwMCwidXBkYXRlIjoxODAwMDAwMDAwMDAwfX0=",
          "dependencies": [
            "azurerm_virtual_desktop_host_pool.host-pool"
          ]
        }
      ]
    },
    {
      "mode": "managed",
      "type": "azurerm_virtual_desktop_workspace",
      "name": "workspace",
      "provider": "provider[\"registry.terraform.io/hashicorp/azurerm\"]",
      "instances": [
        {
          "schema_version": 1,
          "attributes": {
            "description": "This is a virtual desktop",
            "friendly_name": "AVD dev",
            "id": "/subscriptions/2b8a807d-6d30-4802-bf80-3d669513f4ba/resourceGroups/p0002-rg-dev/providers/Microsoft.DesktopVirtualization/workspaces/p0002-worspace-dev",
            "location": "westus3",
            "name": "p0002-worspace-dev",
            "resource_group_name": "p0002-rg-dev",
            "tags": {
              "Costcenter": "IT",
              "Location": "We",
              "Purpose": "AVD Workspace"
            },
            "timeouts": null
          },
          "sensitive_attributes": [],
          "private": "eyJlMmJmYjczMC1lY2FhLTExZTYtOGY4OC0zNDM2M2JjN2M0YzAiOnsiY3JlYXRlIjozNjAwMDAwMDAwMDAwLCJkZWxldGUiOjM2MDAwMDAwMDAwMDAsInJlYWQiOjMwMDAwMDAwMDAwMCwidXBkYXRlIjozNjAwMDAwMDAwMDAwfSwic2NoZW1hX3ZlcnNpb24iOiIxIn0=",
          "dependencies": [
            "azurerm_resource_group.rg-backplane"
          ]
        }
      ]
    },
    {
      "mode": "managed",
      "type": "azurerm_virtual_desktop_workspace_application_group_association",
      "name": "app-group-ass",
      "provider": "provider[\"registry.terraform.io/hashicorp/azurerm\"]",
      "instances": [
        {
          "schema_version": 1,
          "attributes": {
            "application_group_id": "/subscriptions/2b8a807d-6d30-4802-bf80-3d669513f4ba/resourceGroups/p0002-rg-dev/providers/Microsoft.DesktopVirtualization/applicationGroups/p0002-hostpooldag-dev",
            "id": "/subscriptions/2b8a807d-6d30-4802-bf80-3d669513f4ba/resourceGroups/p0002-rg-dev/providers/Microsoft.DesktopVirtualization/workspaces/p0002-worspace-dev|/subscriptions/2b8a807d-6d30-4802-bf80-3d669513f4ba/resourceGroups/p0002-rg-dev/providers/Microsoft.DesktopVirtualization/applicationGroups/p0002-hostpooldag-dev",
            "timeouts": null,
            "workspace_id": "/subscriptions/2b8a807d-6d30-4802-bf80-3d669513f4ba/resourceGroups/p0002-rg-dev/providers/Microsoft.DesktopVirtualization/workspaces/p0002-worspace-dev"
          },
          "sensitive_attributes": [],
          "private": "eyJlMmJmYjczMC1lY2FhLTExZTYtOGY4OC0zNDM2M2JjN2M0YzAiOnsiY3JlYXRlIjozNjAwMDAwMDAwMDAwLCJkZWxldGUiOjM2MDAwMDAwMDAwMDAsInJlYWQiOjMwMDAwMDAwMDAwMCwidXBkYXRlIjozNjAwMDAwMDAwMDAwfSwic2NoZW1hX3ZlcnNpb24iOiIxIn0=",
          "dependencies": [
            "azurerm_resource_group.rg-backplane",
            "azurerm_virtual_desktop_application_group.app-group",
            "azurerm_virtual_desktop_host_pool.host-pool",
            "azurerm_virtual_desktop_workspace.workspace"
          ]
        }
      ]
    }
  ],
  "check_results": null
}
